
Microsoft Visual Studio Solution File, Format Version 12.00
# Visual Studio Version 16
VisualStudioVersion = 16.0.31410.357
MinimumVisualStudioVersion = 10.0.40219.1
Project("{FAE04EC0-301F-11D3-BF4B-00C04F79EFBC}") = "WebApiWithDotNetFramework2", "WebApiWithDotNetFramework2\WebApiWithDotNetFramework2.csproj", "{6C51D506-8493-4D26-9D12-C55D7CE1AEB3}"
EndProject
Global
	GlobalSection(SolutionConfigurationPlatforms) = preSolution
		Debug|Any CPU = Debug|Any CPU
		Release|Any CPU = Release|Any CPU
	EndGlobalSection
	GlobalSection(ProjectConfigurationPlatforms) = postSolution
		{6C51D506-8493-4D26-9D12-C55D7CE1AEB3}.Debug|Any CPU.ActiveCfg = Debug|Any CPU
		{6C51D506-8493-4D26-9D12-C55D7CE1AEB3}.Debug|Any CPU.Build.0 = Debug|Any CPU
		{6C51D506-8493-4D26-9D12-C55D7CE1AEB3}.Release|Any CPU.ActiveCfg = Release|Any CPU
		{6C51D506-8493-4D26-9D12-C55D7CE1AEB3}.Release|Any CPU.Build.0 = Release|Any CPU
	EndGlobalSection
	GlobalSection(SolutionProperties) = preSolution
		HideSolutionNode = FALSE
	EndGlobalSection
	GlobalSection(ExtensibilityGlobals) = postSolution
		SolutionGuid = {EA22E584-5087-4670-94E4-C93307459679}
	EndGlobalSection
EndGlobal
